
Microsoft Visual Studio Solution File, Format Version 12.00
# Visual Studio 14
VisualStudioVersion = 14.0.25420.1
MinimumVisualStudioVersion = 10.0.40219.1
Project("{8BC9CEB8-8B4A-11D0-8D11-00A0C91BC942}") = "XCPLib", "XCPLib\XCPLib.vcxproj", "{0E11A2F6-A6F7-4E3E-8665-C68571F5CFCE}"
EndProject
Project("{8BC9CEB8-8B4A-11D0-8D11-00A0C91BC942}") = "QtGUI", "QtGUI\QtGUI.vcxproj", "{63009FE1-E47B-4A4E-9937-42B562105D0E}"
EndProject
Global
	GlobalSection(SolutionConfigurationPlatforms) = preSolution
		Debug|x64 = Debug|x64
		Debug|x86 = Debug|x86
		Release|x64 = Release|x64
		Release|x86 = Release|x86
	EndGlobalSection
	GlobalSection(ProjectConfigurationPlatforms) = postSolution
		{0E11A2F6-A6F7-4E3E-8665-C68571F5CFCE}.Debug|x64.ActiveCfg = Debug|x64
		{0E11A2F6-A6F7-4E3E-8665-C68571F5CFCE}.Debug|x64.Build.0 = Debug|x64
		{0E11A2F6-A6F7-4E3E-8665-C68571F5CFCE}.Debug|x86.ActiveCfg = Debug|Win32
		{0E11A2F6-A6F7-4E3E-8665-C68571F5CFCE}.Debug|x86.Build.0 = Debug|Win32
		{0E11A2F6-A6F7-4E3E-8665-C68571F5CFCE}.Release|x64.ActiveCfg = Release|x64
		{0E11A2F6-A6F7-4E3E-8665-C68571F5CFCE}.Release|x64.Build.0 = Release|x64
		{0E11A2F6-A6F7-4E3E-8665-C68571F5CFCE}.Release|x86.ActiveCfg = Release|Win32
		{0E11A2F6-A6F7-4E3E-8665-C68571F5CFCE}.Release|x86.Build.0 = Release|Win32
		{63009FE1-E47B-4A4E-9937-42B562105D0E}.Debug|x64.ActiveCfg = Debug|Win32
		{63009FE1-E47B-4A4E-9937-42B562105D0E}.Debug|x86.ActiveCfg = Debug|Win32
		{63009FE1-E47B-4A4E-9937-42B562105D0E}.Debug|x86.Build.0 = Debug|Win32
		{63009FE1-E47B-4A4E-9937-42B562105D0E}.Release|x64.ActiveCfg = Release|Win32
		{63009FE1-E47B-4A4E-9937-42B562105D0E}.Release|x86.ActiveCfg = Release|Win32
		{63009FE1-E47B-4A4E-9937-42B562105D0E}.Release|x86.Build.0 = Release|Win32
	EndGlobalSection
	GlobalSection(SolutionProperties) = preSolution
		HideSolutionNode = FALSE
	EndGlobalSection
EndGlobal
