<?xml version="1.0" encoding="utf-8"?>
<Project ToolsVersion="4.0" xmlns="http://schemas.microsoft.com/developer/msbuild/2003">
  <ItemGroup>
    <Filter Include="Source Files">
      <UniqueIdentifier>{4FC737F1-C7A5-4376-A066-2A32D752A2FF}</UniqueIdentifier>
      <Extensions>cpp;c;cc;cxx;def;odl;idl;hpj;bat;asm;asmx</Extensions>
    </Filter>
    <Filter Include="Header Files">
      <UniqueIdentifier>{93995380-89BD-4b04-88EB-625FBE52EBFB}</UniqueIdentifier>
      <Extensions>h;hh;hpp;hxx;hm;inl;inc;xsd</Extensions>
    </Filter>
    <Filter Include="Resource Files">
      <UniqueIdentifier>{67DA6AB6-F800-4c08-8B7A-83BB121AAD01}</UniqueIdentifier>
      <Extensions>rc;ico;cur;bmp;dlg;rc2;rct;bin;rgs;gif;jpg;jpeg;jpe;resx;tiff;tif;png;wav;mfcribbon-ms</Extensions>
    </Filter>
  </ItemGroup>
  <ItemGroup>
    <ClInclude Include="IXCPMessage.h">
      <Filter>Header Files</Filter>
    </ClInclude>
    <ClInclude Include="TCPMessage.h">
      <Filter>Header Files</Filter>
    </ClInclude>
    <ClInclude Include="CANMessage.h">
      <Filter>Header Files</Filter>
    </ClInclude>
    <ClInclude Include="IXCPPacket.h">
      <Filter>Header Files</Filter>
    </ClInclude>
    <ClInclude Include="IXCPHeader.h">
      <Filter>Header Files</Filter>
    </ClInclude>
    <ClInclude Include="IXCPTail.h">
      <Filter>Header Files</Filter>
    </ClInclude>
    <ClInclude Include="TCPHeader.h">
      <Filter>Header Files</Filter>
    </ClInclude>
    <ClInclude Include="ICTO.h">
      <Filter>Header Files</Filter>
    </ClInclude>
    <ClInclude Include="ConnectPacket.h">
      <Filter>Header Files</Filter>
    </ClInclude>
    <ClInclude Include="DisconnectPacket.h">
      <Filter>Header Files</Filter>
    </ClInclude>
    <ClInclude Include="XCPMaster.h">
      <Filter>Header Files</Filter>
    </ClInclude>
    <ClInclude Include="PacketFactory.h">
      <Filter>Header Files</Filter>
    </ClInclude>
    <ClInclude Include="IMessageFactory.h">
      <Filter>Header Files</Filter>
    </ClInclude>
    <ClInclude Include="TCPMessageFactory.h">
      <Filter>Header Files</Filter>
    </ClInclude>
    <ClInclude Include="ConnectPositivePacket.h">
      <Filter>Header Files</Filter>
    </ClInclude>
    <ClInclude Include="IIncomingMessageHandler.h">
      <Filter>Header Files</Filter>
    </ClInclude>
    <ClInclude Include="IncomingMessageHandler.h">
      <Filter>Header Files</Filter>
    </ClInclude>
    <ClInclude Include="CommandPacket.h">
      <Filter>Header Files</Filter>
    </ClInclude>
    <ClInclude Include="ResponsePacket.h">
      <Filter>Header Files</Filter>
    </ClInclude>
    <ClInclude Include="GetStatusPacket.h">
      <Filter>Header Files</Filter>
    </ClInclude>
    <ClInclude Include="SynchPacket.h">
      <Filter>Header Files</Filter>
    </ClInclude>
    <ClInclude Include="SetMTAPacket.h">
      <Filter>Header Files</Filter>
    </ClInclude>
    <ClInclude Include="UploadPacket.h">
      <Filter>Header Files</Filter>
    </ClInclude>
    <ClInclude Include="DAQPackets.h">
      <Filter>Header Files</Filter>
    </ClInclude>
    <ClInclude Include="ErrorAccessLockedPacket.h">
      <Filter>Header Files</Filter>
    </ClInclude>
    <ClInclude Include="ErrorOutOfRangePacket.h">
      <Filter>Header Files</Filter>
    </ClInclude>
    <ClInclude Include="ErrorSequencePacket.h">
      <Filter>Header Files</Filter>
    </ClInclude>
    <ClInclude Include="ErrorMemoryOverflowPacket.h">
      <Filter>Header Files</Filter>
    </ClInclude>
    <ClInclude Include="GetSeedPacket.h">
      <Filter>Header Files</Filter>
    </ClInclude>
    <ClInclude Include="UnlockPacket.h">
      <Filter>Header Files</Filter>
    </ClInclude>
    <ClInclude Include="DTO.h">
      <Filter>Header Files</Filter>
    </ClInclude>
    <ClInclude Include="SlaveMemory.h">
      <Filter>Header Files</Filter>
    </ClInclude>
    <ClInclude Include="Utils.h">
      <Filter>Header Files</Filter>
    </ClInclude>
    <ClInclude Include="ErrorCommandUnknown.h">
      <Filter>Header Files</Filter>
    </ClInclude>
    <ClInclude Include="CANMessageFactory.h">
      <Filter>Header Files</Filter>
    </ClInclude>
  </ItemGroup>
  <ItemGroup>
    <ClCompile Include="ConnectPacket.cpp">
      <Filter>Source Files</Filter>
    </ClCompile>
    <ClCompile Include="IXCPPacket.cpp">
      <Filter>Source Files</Filter>
    </ClCompile>
    <ClCompile Include="DisconnectPacket.cpp">
      <Filter>Source Files</Filter>
    </ClCompile>
    <ClCompile Include="XCPMaster.cpp">
      <Filter>Source Files</Filter>
    </ClCompile>
    <ClCompile Include="TCPMessage.cpp">
      <Filter>Source Files</Filter>
    </ClCompile>
    <ClCompile Include="TCPHeader.cpp">
      <Filter>Source Files</Filter>
    </ClCompile>
    <ClCompile Include="PacketFactory.cpp">
      <Filter>Source Files</Filter>
    </ClCompile>
    <ClCompile Include="TCPMessageFactory.cpp">
      <Filter>Source Files</Filter>
    </ClCompile>
    <ClCompile Include="IXCPMessage.cpp">
      <Filter>Source Files</Filter>
    </ClCompile>
    <ClCompile Include="ConnectPositivePacket.cpp">
      <Filter>Source Files</Filter>
    </ClCompile>
    <ClCompile Include="IncomingMessageHandler.cpp">
      <Filter>Source Files</Filter>
    </ClCompile>
    <ClCompile Include="ErrorPacket.h">
      <Filter>Header Files</Filter>
    </ClCompile>
    <ClCompile Include="GetStatusPacket.cpp">
      <Filter>Source Files</Filter>
    </ClCompile>
    <ClCompile Include="SynchPacket.cpp">
      <Filter>Source Files</Filter>
    </ClCompile>
    <ClCompile Include="SetMTAPacket.cpp">
      <Filter>Source Files</Filter>
    </ClCompile>
    <ClCompile Include="UploadPacket.cpp">
      <Filter>Source Files</Filter>
    </ClCompile>
    <ClCompile Include="DAQPackets.cpp">
      <Filter>Source Files</Filter>
    </ClCompile>
    <ClCompile Include="ErrorAccessLockedPacket.cpp">
      <Filter>Source Files</Filter>
    </ClCompile>
    <ClCompile Include="ErrorOutOfRangePacket.cpp">
      <Filter>Source Files</Filter>
    </ClCompile>
    <ClCompile Include="ErrorSequencePacket.cpp">
      <Filter>Source Files</Filter>
    </ClCompile>
    <ClCompile Include="ErrorMemoryOverflowPacket.cpp">
      <Filter>Source Files</Filter>
    </ClCompile>
    <ClCompile Include="GetSeedPacket.cpp">
      <Filter>Source Files</Filter>
    </ClCompile>
    <ClCompile Include="UnlockPacket.cpp">
      <Filter>Source Files</Filter>
    </ClCompile>
    <ClCompile Include="DTO.cpp">
      <Filter>Source Files</Filter>
    </ClCompile>
    <ClCompile Include="SlaveMemory.cpp">
      <Filter>Source Files</Filter>
    </ClCompile>
    <ClCompile Include="Utils.cpp">
      <Filter>Source Files</Filter>
    </ClCompile>
    <ClCompile Include="ErrorCommandUnknown.cpp">
      <Filter>Source Files</Filter>
    </ClCompile>
    <ClCompile Include="CANMessageFactory.cpp">
      <Filter>Source Files</Filter>
    </ClCompile>
    <ClCompile Include="CANMessage.cpp">
      <Filter>Source Files</Filter>
    </ClCompile>
  </ItemGroup>
</Project>